Microsoft Visual Studio Solution File, Format Version 11.00
# Visual Studio 2008

Project("{28A8B0BD-83C0-168E-D173-9A3DBEE0513D}") = "new begin", "Assembly-CSharp.csproj", "{3328CCC9-6BAC-45DC-1179-F05D065B9AC3}"
EndProject
Global
	GlobalSection(SolutionConfigurationPlatforms) = preSolution
		Debug|Any CPU = Debug|Any CPU
		Release|Any CPU = Release|Any CPU
	EndGlobalSection
	GlobalSection(ProjectConfigurationPlatforms) = postSolution
		{3328CCC9-6BAC-45DC-1179-F05D065B9AC3}.Debug|Any CPU.ActiveCfg = Debug|Any CPU
		{3328CCC9-6BAC-45DC-1179-F05D065B9AC3}.Debug|Any CPU.Build.0 = Debug|Any CPU
		{3328CCC9-6BAC-45DC-1179-F05D065B9AC3}.Release|Any CPU.ActiveCfg = Release|Any CPU
		{3328CCC9-6BAC-45DC-1179-F05D065B9AC3}.Release|Any CPU.Build.0 = Release|Any CPU
	EndGlobalSection
	GlobalSection(SolutionProperties) = preSolution
		HideSolutionNode = FALSE
	EndGlobalSection
	GlobalSection(MonoDevelopProperties) = preSolution
		StartupItem = Assembly-CSharp.csproj
	EndGlobalSection
EndGlobal
